
Microsoft Visual Studio Solution File, Format Version 12.00
# Visual Studio 2013
VisualStudioVersion = 12.0.40629.0
MinimumVisualStudioVersion = 10.0.40219.1
Project("{FAE04EC0-301F-11D3-BF4B-00C04F79EFBC}") = "Yourslides.Model", "Yourslides.Model\Yourslides.Model.csproj", "{9C18D484-4A85-4FD0-84E1-E2F012880B83}"
EndProject
Project("{FAE04EC0-301F-11D3-BF4B-00C04F79EFBC}") = "Yourslides.Utils", "Yourslides.Utils\Yourslides.Utils.csproj", "{31E087E1-CEAB-40D8-B481-17FE3E87C7BB}"
EndProject
Project("{FAE04EC0-301F-11D3-BF4B-00C04F79EFBC}") = "YourSlides.Web", "YourSlides.Web\YourSlides.Web.csproj", "{C50EC8C3-A027-4104-ACD4-F41EEE826238}"
EndProject
Project("{FAE04EC0-301F-11D3-BF4B-00C04F79EFBC}") = "Yourslides.Data", "Yourslides.Data\Yourslides.Data.csproj", "{A5C92B74-2DB7-4B6C-BE61-981C3DF0B0E1}"
EndProject
Project("{FAE04EC0-301F-11D3-BF4B-00C04F79EFBC}") = "Yourslides.Service", "Yourslides.Service\Yourslides.Service.csproj", "{901B5C6C-0159-442F-8D6B-07C080050291}"
EndProject
Project("{FAE04EC0-301F-11D3-BF4B-00C04F79EFBC}") = "Yourslides.FileHandler", "Yourslides.FileHandler\Yourslides.FileHandler.csproj", "{B7C93539-0F5C-43D4-B88F-DDB426467F71}"
EndProject
Global
	GlobalSection(SolutionConfigurationPlatforms) = preSolution
		Debug|Any CPU = Debug|Any CPU
		Release|Any CPU = Release|Any CPU
	EndGlobalSection
	GlobalSection(ProjectConfigurationPlatforms) = postSolution
		{9C18D484-4A85-4FD0-84E1-E2F012880B83}.Debug|Any CPU.ActiveCfg = Debug|Any CPU
		{9C18D484-4A85-4FD0-84E1-E2F012880B83}.Debug|Any CPU.Build.0 = Debug|Any CPU
		{9C18D484-4A85-4FD0-84E1-E2F012880B83}.Release|Any CPU.ActiveCfg = Release|Any CPU
		{9C18D484-4A85-4FD0-84E1-E2F012880B83}.Release|Any CPU.Build.0 = Release|Any CPU
		{31E087E1-CEAB-40D8-B481-17FE3E87C7BB}.Debug|Any CPU.ActiveCfg = Debug|Any CPU
		{31E087E1-CEAB-40D8-B481-17FE3E87C7BB}.Debug|Any CPU.Build.0 = Debug|Any CPU
		{31E087E1-CEAB-40D8-B481-17FE3E87C7BB}.Release|Any CPU.ActiveCfg = Release|Any CPU
		{31E087E1-CEAB-40D8-B481-17FE3E87C7BB}.Release|Any CPU.Build.0 = Release|Any CPU
		{C50EC8C3-A027-4104-ACD4-F41EEE826238}.Debug|Any CPU.ActiveCfg = Debug|Any CPU
		{C50EC8C3-A027-4104-ACD4-F41EEE826238}.Debug|Any CPU.Build.0 = Debug|Any CPU
		{C50EC8C3-A027-4104-ACD4-F41EEE826238}.Release|Any CPU.ActiveCfg = Release|Any CPU
		{C50EC8C3-A027-4104-ACD4-F41EEE826238}.Release|Any CPU.Build.0 = Release|Any CPU
		{A5C92B74-2DB7-4B6C-BE61-981C3DF0B0E1}.Debug|Any CPU.ActiveCfg = Debug|Any CPU
		{A5C92B74-2DB7-4B6C-BE61-981C3DF0B0E1}.Debug|Any CPU.Build.0 = Debug|Any CPU
		{A5C92B74-2DB7-4B6C-BE61-981C3DF0B0E1}.Release|Any CPU.ActiveCfg = Release|Any CPU
		{A5C92B74-2DB7-4B6C-BE61-981C3DF0B0E1}.Release|Any CPU.Build.0 = Release|Any CPU
		{901B5C6C-0159-442F-8D6B-07C080050291}.Debug|Any CPU.ActiveCfg = Debug|Any CPU
		{901B5C6C-0159-442F-8D6B-07C080050291}.Debug|Any CPU.Build.0 = Debug|Any CPU
		{901B5C6C-0159-442F-8D6B-07C080050291}.Release|Any CPU.ActiveCfg = Release|Any CPU
		{901B5C6C-0159-442F-8D6B-07C080050291}.Release|Any CPU.Build.0 = Release|Any CPU
		{B7C93539-0F5C-43D4-B88F-DDB426467F71}.Debug|Any CPU.ActiveCfg = Debug|Any CPU
		{B7C93539-0F5C-43D4-B88F-DDB426467F71}.Debug|Any CPU.Build.0 = Debug|Any CPU
		{B7C93539-0F5C-43D4-B88F-DDB426467F71}.Release|Any CPU.ActiveCfg = Release|Any CPU
		{B7C93539-0F5C-43D4-B88F-DDB426467F71}.Release|Any CPU.Build.0 = Release|Any CPU
	EndGlobalSection
	GlobalSection(SolutionProperties) = preSolution
		HideSolutionNode = FALSE
	EndGlobalSection
EndGlobal
